# This file is automatically @generated by Cargo.
# It is not intended for manual editing.
version = 4

[[package]]
name = "yog-abi"
version = "0.1.0"

[[package]]
name = "yog-api"
version = "0.1.0"
dependencies = [
 "yog-abi",
 "yog-command",
 "yog-core",
 "yog-entity",
 "yog-event",
 "yog-logging",
 "yog-network",
 "yog-player",
 "yog-registry",
 "yog-storage",
 "yog-world",
]

[[package]]
name = "yog-command"
version = "0.1.0"

[[package]]
name = "yog-core"
version = "0.1.0"

[[package]]
name = "yog-entity"
version = "0.1.0"
dependencies = [
 "yog-core",
]

[[package]]
name = "yog-event"
version = "0.1.0"
dependencies = [
 "yog-core",
]

[[package]]
name = "yog-example-mod"
version = "0.1.0"
dependencies = [
 "yog-api",
]

[[package]]
name = "yog-logging"
version = "0.1.0"

[[package]]
name = "yog-network"
version = "0.1.0"

[[package]]
name = "yog-player"
version = "0.1.0"
dependencies = [
 "yog-core",
 "yog-entity",
]

[[package]]
name = "yog-registry"
version = "0.1.0"

[[package]]
name = "yog-storage"
version = "0.1.0"

[[package]]
name = "yog-world"
version = "0.1.0"
dependencies = [
 "yog-core",
]
