# This file is automatically @generated by Cargo.
# It is not intended for manual editing.
version = 4

[[package]]
name = "example-mod"
version = "0.1.0"
dependencies = [
 "yog-api",
]

[[package]]
name = "yog-abi"
version = "0.3.0"
source = "registry+https://github.com/rust-lang/crates.io-index"
checksum = "95a5410b9f3cb19a66ca96f84c2e7faba00929945594ec3f186c6ad7da4274cb"

[[package]]
name = "yog-api"
version = "0.5.3"
source = "registry+https://github.com/rust-lang/crates.io-index"
checksum = "1125fc6161367950965f37db521f12daa4127c0dc4fe753d014cd820c6284429"
dependencies = [
 "yog-abi",
 "yog-book",
 "yog-command",
 "yog-config",
 "yog-core",
 "yog-entity",
 "yog-event",
 "yog-gfx",
 "yog-logging",
 "yog-network",
 "yog-player",
 "yog-registry",
 "yog-storage",
 "yog-world",
]

[[package]]
name = "yog-book"
version = "0.4.1"
source = "registry+https://github.com/rust-lang/crates.io-index"
checksum = "7203d1e81f39e0f7251cb38a2c4e64ad7de9e764628d2bd4d9b5ee0331af698d"
dependencies = [
 "yog-registry",
]

[[package]]
name = "yog-command"
version = "0.1.0"
source = "registry+https://github.com/rust-lang/crates.io-index"
checksum = "fad41014e342cb6c00b02edd5e7d8085c29f0410aef6d8e20d04807790324669"

[[package]]
name = "yog-config"
version = "0.1.0"
source = "registry+https://github.com/rust-lang/crates.io-index"
checksum = "d712d79a3e046f0482232c1dc59400e23f85f60935758b7bbcf2a02ed288e981"

[[package]]
name = "yog-core"
version = "0.1.0"
source = "registry+https://github.com/rust-lang/crates.io-index"
checksum = "8edab5c5a273fae2266d2e633e7e87ca0eba9f75164fbb36553f870937d3640d"

[[package]]
name = "yog-entity"
version = "0.1.0"
source = "registry+https://github.com/rust-lang/crates.io-index"
checksum = "8288095aa79f8063328d80c86034dc86e374cd2bc17a7e27b11bd8f5e4db2ebe"
dependencies = [
 "yog-core",
]

[[package]]
name = "yog-event"
version = "0.1.0"
source = "registry+https://github.com/rust-lang/crates.io-index"
checksum = "7f6f1f553aa768403a0e552402c84d9845987c5dd4a3bc7a4f4fff99214643b6"
dependencies = [
 "yog-core",
]

[[package]]
name = "yog-gfx"
version = "0.2.0"
source = "registry+https://github.com/rust-lang/crates.io-index"
checksum = "f773db6b06e8a78ccb118e26dbe441b4683c8d9af3c8722986d14afc6b59a58b"
dependencies = [
 "yog-abi",
]

[[package]]
name = "yog-logging"
version = "0.1.0"
source = "registry+https://github.com/rust-lang/crates.io-index"
checksum = "1001108092147a04ae91db83a2f108bf2cacdc189809512bff9396d14e05dd83"

[[package]]
name = "yog-network"
version = "0.1.0"
source = "registry+https://github.com/rust-lang/crates.io-index"
checksum = "ebae18d123f9e2e9f129410f826c760be4f909f2a44f8df6a6966bb6570db85a"

[[package]]
name = "yog-player"
version = "0.1.0"
source = "registry+https://github.com/rust-lang/crates.io-index"
checksum = "1f940681233f39a6dc188683d061ffb9f41da3fe7aaee580553c006e817d90f2"
dependencies = [
 "yog-core",
 "yog-entity",
]

[[package]]
name = "yog-registry"
version = "0.4.1"
source = "registry+https://github.com/rust-lang/crates.io-index"
checksum = "5102443be18ea629c25338a1db8eaba41569dea0754a16a406c75186d352aa26"
dependencies = [
 "yog-abi",
]

[[package]]
name = "yog-storage"
version = "0.1.0"
source = "registry+https://github.com/rust-lang/crates.io-index"
checksum = "d300b68e1172c9cec95fee547a1cf641cc7063562b5851b91017814d39beb045"

[[package]]
name = "yog-world"
version = "0.1.0"
source = "registry+https://github.com/rust-lang/crates.io-index"
checksum = "a70e106eaaf4e78bad2bfa7bb984add066fc966c96b6c9471b18ce666faf57f1"
dependencies = [
 "yog-core",
]
